<Solution>
  <Folder Name="/src/">
    <Project Path="src/Ri.Mcp/Ri.Mcp.csproj" />
    <Project Path="src/RoslynRepoIndexer.Cli/RoslynRepoIndexer.Cli.csproj" />
    <Project Path="src/RoslynRepoIndexer.Core/RoslynRepoIndexer.Core.csproj" />
  </Folder>
  <Folder Name="/tests/">
    <Project Path="tests/RoslynRepoIndexer.Tests/RoslynRepoIndexer.Tests.csproj" />
  </Folder>
</Solution>
